{
  "name": "$project",
  "version": "0.1.0",
  "lockfileVersion": 1,
  "requires": true,
  "dependencies": {
    "backed": {
      "version": "0.12.1",
      "resolved": "https://registry.npmjs.org/backed/-/backed-0.12.1.tgz",
      "integrity": "sha512-zHVlAs5lCfzNlTMmwl7FxgjDgYKz1HLQTQH6Z2LvOQofwABAOec9hF6OSZr2+ZWfb3akloAHBjWCqO0Uz1qh2A=="
    },
    "custom-select-mixins": {
      "version": "0.13.0",
      "resolved": "https://registry.npmjs.org/custom-select-mixins/-/custom-select-mixins-0.13.0.tgz",
      "integrity": "sha512-RvuT7lwjmTwLlbQcq72fH5uiJJD3N+BL3CgDdu/xJytvdjOEAOiTPIjYDbuF40ulStqME536k83Ql/NQhxUEaQ==",
      "requires": {
        "backed": "0.12.1"
      }
    }
  }
}
